
Microsoft Visual Studio Solution File, Format Version 12.00
# Visual Studio Version 17
VisualStudioVersion = 17.1.32210.238
MinimumVisualStudioVersion = 10.0.40219.1
Project("{9A19103F-16F7-4668-BE54-9A1E7A4F7556}") = "WebAPI", "WebAPI\WebAPI.csproj", "{11723B84-9EC8-47B1-86B2-39311B9380DB}"
EndProject
Project("{9A19103F-16F7-4668-BE54-9A1E7A4F7556}") = "Domain", "Domain\Domain.csproj", "{23B30CDD-5492-4746-9B69-84BAD8AC7CD1}"
EndProject
Project("{9A19103F-16F7-4668-BE54-9A1E7A4F7556}") = "Application", "Application\Application.csproj", "{6782DEA8-1AE2-4250-A680-0E5AB0104F0F}"
EndProject
Global
	GlobalSection(SolutionConfigurationPlatforms) = preSolution
		Debug|Any CPU = Debug|Any CPU
		Release|Any CPU = Release|Any CPU
	EndGlobalSection
	GlobalSection(ProjectConfigurationPlatforms) = postSolution
		{11723B84-9EC8-47B1-86B2-39311B9380DB}.Debug|Any CPU.ActiveCfg = Debug|Any CPU
		{11723B84-9EC8-47B1-86B2-39311B9380DB}.Debug|Any CPU.Build.0 = Debug|Any CPU
		{11723B84-9EC8-47B1-86B2-39311B9380DB}.Release|Any CPU.ActiveCfg = Release|Any CPU
		{11723B84-9EC8-47B1-86B2-39311B9380DB}.Release|Any CPU.Build.0 = Release|Any CPU
		{23B30CDD-5492-4746-9B69-84BAD8AC7CD1}.Debug|Any CPU.ActiveCfg = Debug|Any CPU
		{23B30CDD-5492-4746-9B69-84BAD8AC7CD1}.Debug|Any CPU.Build.0 = Debug|Any CPU
		{23B30CDD-5492-4746-9B69-84BAD8AC7CD1}.Release|Any CPU.ActiveCfg = Release|Any CPU
		{23B30CDD-5492-4746-9B69-84BAD8AC7CD1}.Release|Any CPU.Build.0 = Release|Any CPU
		{6782DEA8-1AE2-4250-A680-0E5AB0104F0F}.Debug|Any CPU.ActiveCfg = Debug|Any CPU
		{6782DEA8-1AE2-4250-A680-0E5AB0104F0F}.Debug|Any CPU.Build.0 = Debug|Any CPU
		{6782DEA8-1AE2-4250-A680-0E5AB0104F0F}.Release|Any CPU.ActiveCfg = Release|Any CPU
		{6782DEA8-1AE2-4250-A680-0E5AB0104F0F}.Release|Any CPU.Build.0 = Release|Any CPU
	EndGlobalSection
	GlobalSection(SolutionProperties) = preSolution
		HideSolutionNode = FALSE
	EndGlobalSection
	GlobalSection(ExtensibilityGlobals) = postSolution
		SolutionGuid = {61342ED2-7320-41AA-9DBD-ED1084F41323}
	EndGlobalSection
EndGlobal
